
Microsoft Visual Studio Solution File, Format Version 12.00
# Visual Studio Version 16
VisualStudioVersion = 16.0.33529.622
MinimumVisualStudioVersion = 10.0.40219.1
Project("{FAE04EC0-301F-11D3-BF4B-00C04F79EFBC}") = "JetSalePro", "JetSalePro.csproj", "{9F9BA49E-D25C-49E1-8AB5-6B2B0BF77566}"
EndProject
Global
	GlobalSection(SolutionConfigurationPlatforms) = preSolution
		Debug|Any CPU = Debug|Any CPU
		Release|Any CPU = Release|Any CPU
	EndGlobalSection
	GlobalSection(ProjectConfigurationPlatforms) = postSolution
		{9F9BA49E-D25C-49E1-8AB5-6B2B0BF77566}.Debug|Any CPU.ActiveCfg = Debug|Any CPU
		{9F9BA49E-D25C-49E1-8AB5-6B2B0BF77566}.Debug|Any CPU.Build.0 = Debug|Any CPU
		{9F9BA49E-D25C-49E1-8AB5-6B2B0BF77566}.Release|Any CPU.ActiveCfg = Release|Any CPU
		{9F9BA49E-D25C-49E1-8AB5-6B2B0BF77566}.Release|Any CPU.Build.0 = Release|Any CPU
	EndGlobalSection
	GlobalSection(SolutionProperties) = preSolution
		HideSolutionNode = FALSE
	EndGlobalSection
	GlobalSection(ExtensibilityGlobals) = postSolution
		SolutionGuid = {2461EF09-6AAB-4407-ADDF-1FA58C8CE728}
	EndGlobalSection
EndGlobal
